{
  "pins" : [
    {
      "identity" : "absolutesolver",
      "kind" : "remoteSourceControl",
      "location" : "https://github.com/BomberFish/AbsoluteSolver",
      "state" : {
        "branch" : "main",
        "revision" : "992dab135dc4c67f20f580e5a569c848de00df3d"
      }
    },
    {
      "identity" : "dirtycowkit",
      "kind" : "remoteSourceControl",
      "location" : "https://github.com/BomberFish/DirtyCowKit",
      "state" : {
        "branch" : "main",
        "revision" : "5f30c63dd998e47cc72d11d0bd6fb26ab882960f"
      }
    }
  ],
  "version" : 2
}
