// !$*UTF8*$!
{
	archiveVersion = 1;
	classes = {
	};
	objectVersion = 56;
	objects = {

/* Begin PBXBuildFile section */
		D688304129E75C1300F4D7DA /* FlashApp.swift in Sources */ = {isa = PBXBuildFile; fileRef = D688304029E75C1300F4D7DA /* FlashApp.swift */; };
		D688304329E75C1300F4D7DA /* ContentView.swift in Sources */ = {isa = PBXBuildFile; fileRef = D688304229E75C1300F4D7DA /* ContentView.swift */; };
		D688304529E75C1600F4D7DA /* Assets.xcassets in Resources */ = {isa = PBXBuildFile; fileRef = D688304429E75C1600F4D7DA /* Assets.xcassets */; };
		D688304829E75C1600F4D7DA /* Preview Assets.xcassets in Resources */ = {isa = PBXBuildFile; fileRef = D688304729E75C1600F4D7DA /* Preview Assets.xcassets */; };
		D688305229E75C1600F4D7DA /* FlashTests.swift in Sources */ = {isa = PBXBuildFile; fileRef = D688305129E75C1600F4D7DA /* FlashTests.swift */; };
		D688305C29E75C1600F4D7DA /* FlashUITests.swift in Sources */ = {isa = PBXBuildFile; fileRef = D688305B29E75C1600F4D7DA /* FlashUITests.swift */; };
		D688305E29E75C1600F4D7DA /* FlashUITestsLaunchTests.swift in Sources */ = {isa = PBXBuildFile; fileRef = D688305D29E75C1600F4D7DA /* FlashUITestsLaunchTests.swift */; };
		D688306C29E75C6000F4D7DA /* DirtyCowKit in Frameworks */ = {isa = PBXBuildFile; productRef = D688306B29E75C6000F4D7DA /* DirtyCowKit */; };
		D688306F29E75C7000F4D7DA /* AbsoluteSolver in Frameworks */ = {isa = PBXBuildFile; productRef = D688306E29E75C7000F4D7DA /* AbsoluteSolver */; };
		D688308329E75D0A00F4D7DA /* Alert++.swift in Sources */ = {isa = PBXBuildFile; fileRef = D688307D29E75D0A00F4D7DA /* Alert++.swift */; };
		D688308429E75D0A00F4D7DA /* String++.swift in Sources */ = {isa = PBXBuildFile; fileRef = D688307E29E75D0A00F4D7DA /* String++.swift */; };
		D688308529E75D0A00F4D7DA /* View++.swift in Sources */ = {isa = PBXBuildFile; fileRef = D688307F29E75D0A00F4D7DA /* View++.swift */; };
		D688308629E75D0A00F4D7DA /* Haptic++.swift in Sources */ = {isa = PBXBuildFile; fileRef = D688308029E75D0A00F4D7DA /* Haptic++.swift */; };
		D688308729E75D0A00F4D7DA /* FM++.swift in Sources */ = {isa = PBXBuildFile; fileRef = D688308129E75D0A00F4D7DA /* FM++.swift */; };
		D688308829E75D0A00F4D7DA /* Color++.swift in Sources */ = {isa = PBXBuildFile; fileRef = D688308229E75D0A00F4D7DA /* Color++.swift */; };
		D688308A29E7684200F4D7DA /* AppFunctions.swift in Sources */ = {isa = PBXBuildFile; fileRef = D688308929E7684200F4D7DA /* AppFunctions.swift */; };
		D688308D29E8427000F4D7DA /* KernelPanic.m in Sources */ = {isa = PBXBuildFile; fileRef = D688308C29E8427000F4D7DA /* KernelPanic.m */; };
		D688309429E8434000F4D7DA /* IOSurface.framework in Frameworks */ = {isa = PBXBuildFile; fileRef = D688309029E8433F00F4D7DA /* IOSurface.framework */; };
		D688309529E8434000F4D7DA /* CoreFoundation.framework in Frameworks */ = {isa = PBXBuildFile; fileRef = D688309129E8433F00F4D7DA /* CoreFoundation.framework */; };
		D688309629E8434000F4D7DA /* IOKit.framework in Frameworks */ = {isa = PBXBuildFile; fileRef = D688309229E8433F00F4D7DA /* IOKit.framework */; };
		D688309729E8434100F4D7DA /* Foundation.framework in Frameworks */ = {isa = PBXBuildFile; fileRef = D688309329E8434000F4D7DA /* Foundation.framework */; };
/* End PBXBuildFile section */

/* Begin PBXContainerItemProxy section */
		D688304E29E75C1600F4D7DA /* PBXContainerItemProxy */ = {
			isa = PBXContainerItemProxy;
			containerPortal = D688303529E75C1300F4D7DA /* Project object */;
			proxyType = 1;
			remoteGlobalIDString = D688303C29E75C1300F4D7DA;
			remoteInfo = Flash;
		};
		D688305829E75C1600F4D7DA /* PBXContainerItemProxy */ = {
			isa = PBXContainerItemProxy;
			containerPortal = D688303529E75C1300F4D7DA /* Project object */;
			proxyType = 1;
			remoteGlobalIDString = D688303C29E75C1300F4D7DA;
			remoteInfo = Flash;
		};
/* End PBXContainerItemProxy section */

/* Begin PBXFileReference section */
		D688303D29E75C1300F4D7DA /* Flash.app */ = {isa = PBXFileReference; explicitFileType = wrapper.application; includeInIndex = 0; path = Flash.app; sourceTree = BUILT_PRODUCTS_DIR; };
		D688304029E75C1300F4D7DA /* FlashApp.swift */ = {isa = PBXFileReference; lastKnownFileType = sourcecode.swift; path = FlashApp.swift; sourceTree = "<group>"; };
		D688304229E75C1300F4D7DA /* ContentView.swift */ = {isa = PBXFileReference; lastKnownFileType = sourcecode.swift; path = ContentView.swift; sourceTree = "<group>"; };
		D688304429E75C1600F4D7DA /* Assets.xcassets */ = {isa = PBXFileReference; lastKnownFileType = folder.assetcatalog; path = Assets.xcassets; sourceTree = "<group>"; };
		D688304729E75C1600F4D7DA /* Preview Assets.xcassets */ = {isa = PBXFileReference; lastKnownFileType = folder.assetcatalog; path = "Preview Assets.xcassets"; sourceTree = "<group>"; };
		D688304D29E75C1600F4D7DA /* FlashTests.xctest */ = {isa = PBXFileReference; explicitFileType = wrapper.cfbundle; includeInIndex = 0; path = FlashTests.xctest; sourceTree = BUILT_PRODUCTS_DIR; };
		D688305129E75C1600F4D7DA /* FlashTests.swift */ = {isa = PBXFileReference; lastKnownFileType = sourcecode.swift; path = FlashTests.swift; sourceTree = "<group>"; };
		D688305729E75C1600F4D7DA /* FlashUITests.xctest */ = {isa = PBXFileReference; explicitFileType = wrapper.cfbundle; includeInIndex = 0; path = FlashUITests.xctest; sourceTree = BUILT_PRODUCTS_DIR; };
		D688305B29E75C1600F4D7DA /* FlashUITests.swift */ = {isa = PBXFileReference; lastKnownFileType = sourcecode.swift; path = FlashUITests.swift; sourceTree = "<group>"; };
		D688305D29E75C1600F4D7DA /* FlashUITestsLaunchTests.swift */ = {isa = PBXFileReference; lastKnownFileType = sourcecode.swift; path = FlashUITestsLaunchTests.swift; sourceTree = "<group>"; };
		D688307D29E75D0A00F4D7DA /* Alert++.swift */ = {isa = PBXFileReference; fileEncoding = 4; lastKnownFileType = sourcecode.swift; path = "Alert++.swift"; sourceTree = "<group>"; };
		D688307E29E75D0A00F4D7DA /* String++.swift */ = {isa = PBXFileReference; fileEncoding = 4; lastKnownFileType = sourcecode.swift; path = "String++.swift"; sourceTree = "<group>"; };
		D688307F29E75D0A00F4D7DA /* View++.swift */ = {isa = PBXFileReference; fileEncoding = 4; lastKnownFileType = sourcecode.swift; path = "View++.swift"; sourceTree = "<group>"; };
		D688308029E75D0A00F4D7DA /* Haptic++.swift */ = {isa = PBXFileReference; fileEncoding = 4; lastKnownFileType = sourcecode.swift; path = "Haptic++.swift"; sourceTree = "<group>"; };
		D688308129E75D0A00F4D7DA /* FM++.swift */ = {isa = PBXFileReference; fileEncoding = 4; lastKnownFileType = sourcecode.swift; path = "FM++.swift"; sourceTree = "<group>"; };
		D688308229E75D0A00F4D7DA /* Color++.swift */ = {isa = PBXFileReference; fileEncoding = 4; lastKnownFileType = sourcecode.swift; path = "Color++.swift"; sourceTree = "<group>"; };
		D688308929E7684200F4D7DA /* AppFunctions.swift */ = {isa = PBXFileReference; lastKnownFileType = sourcecode.swift; path = AppFunctions.swift; sourceTree = "<group>"; };
		D688308B29E8426F00F4D7DA /* Flash-Bridging-Header.h */ = {isa = PBXFileReference; lastKnownFileType = sourcecode.c.h; path = "Flash-Bridging-Header.h"; sourceTree = "<group>"; };
		D688308C29E8427000F4D7DA /* KernelPanic.m */ = {isa = PBXFileReference; lastKnownFileType = sourcecode.c.objc; path = KernelPanic.m; sourceTree = "<group>"; };
		D688308E29E8429900F4D7DA /* KernelPanic.h */ = {isa = PBXFileReference; lastKnownFileType = sourcecode.c.h; path = KernelPanic.h; sourceTree = "<group>"; };
		D688309029E8433F00F4D7DA /* IOSurface.framework */ = {isa = PBXFileReference; lastKnownFileType = wrapper.framework; name = IOSurface.framework; path = System/Library/Frameworks/IOSurface.framework; sourceTree = SDKROOT; };
		D688309129E8433F00F4D7DA /* CoreFoundation.framework */ = {isa = PBXFileReference; lastKnownFileType = wrapper.framework; name = CoreFoundation.framework; path = System/Library/Frameworks/CoreFoundation.framework; sourceTree = SDKROOT; };
		D688309229E8433F00F4D7DA /* IOKit.framework */ = {isa = PBXFileReference; lastKnownFileType = wrapper.framework; name = IOKit.framework; path = System/Library/Frameworks/IOKit.framework; sourceTree = SDKROOT; };
		D688309329E8434000F4D7DA /* Foundation.framework */ = {isa = PBXFileReference; lastKnownFileType = wrapper.framework; name = Foundation.framework; path = System/Library/Frameworks/Foundation.framework; sourceTree = SDKROOT; };
/* End PBXFileReference section */

/* Begin PBXFrameworksBuildPhase section */
		D688303A29E75C1300F4D7DA /* Frameworks */ = {
			isa = PBXFrameworksBuildPhase;
			buildActionMask = 2147483647;
			files = (
				D688309529E8434000F4D7DA /* CoreFoundation.framework in Frameworks */,
				D688309729E8434100F4D7DA /* Foundation.framework in Frameworks */,
				D688309429E8434000F4D7DA /* IOSurface.framework in Frameworks */,
				D688306F29E75C7000F4D7DA /* AbsoluteSolver in Frameworks */,
				D688309629E8434000F4D7DA /* IOKit.framework in Frameworks */,
				D688306C29E75C6000F4D7DA /* DirtyCowKit in Frameworks */,
			);
			runOnlyForDeploymentPostprocessing = 0;
		};
		D688304A29E75C1600F4D7DA /* Frameworks */ = {
			isa = PBXFrameworksBuildPhase;
			buildActionMask = 2147483647;
			files = (
			);
			runOnlyForDeploymentPostprocessing = 0;
		};
		D688305429E75C1600F4D7DA /* Frameworks */ = {
			isa = PBXFrameworksBuildPhase;
			buildActionMask = 2147483647;
			files = (
			);
			runOnlyForDeploymentPostprocessing = 0;
		};
/* End PBXFrameworksBuildPhase section */

/* Begin PBXGroup section */
		D688303429E75C1300F4D7DA = {
			isa = PBXGroup;
			children = (
				D688303F29E75C1300F4D7DA /* Flash */,
				D688305029E75C1600F4D7DA /* FlashTests */,
				D688305A29E75C1600F4D7DA /* FlashUITests */,
				D688303E29E75C1300F4D7DA /* Products */,
				D688308F29E8433E00F4D7DA /* Frameworks */,
			);
			sourceTree = "<group>";
		};
		D688303E29E75C1300F4D7DA /* Products */ = {
			isa = PBXGroup;
			children = (
				D688303D29E75C1300F4D7DA /* Flash.app */,
				D688304D29E75C1600F4D7DA /* FlashTests.xctest */,
				D688305729E75C1600F4D7DA /* FlashUITests.xctest */,
			);
			name = Products;
			sourceTree = "<group>";
		};
		D688303F29E75C1300F4D7DA /* Flash */ = {
			isa = PBXGroup;
			children = (
				D688304029E75C1300F4D7DA /* FlashApp.swift */,
				D688307029E75CCA00F4D7DA /* Extensions */,
				D688304229E75C1300F4D7DA /* ContentView.swift */,
				D688308C29E8427000F4D7DA /* KernelPanic.m */,
				D688308E29E8429900F4D7DA /* KernelPanic.h */,
				D688308929E7684200F4D7DA /* AppFunctions.swift */,
				D688304429E75C1600F4D7DA /* Assets.xcassets */,
				D688304629E75C1600F4D7DA /* Preview Content */,
				D688308B29E8426F00F4D7DA /* Flash-Bridging-Header.h */,
			);
			path = Flash;
			sourceTree = "<group>";
		};
		D688304629E75C1600F4D7DA /* Preview Content */ = {
			isa = PBXGroup;
			children = (
				D688304729E75C1600F4D7DA /* Preview Assets.xcassets */,
			);
			path = "Preview Content";
			sourceTree = "<group>";
		};
		D688305029E75C1600F4D7DA /* FlashTests */ = {
			isa = PBXGroup;
			children = (
				D688305129E75C1600F4D7DA /* FlashTests.swift */,
			);
			path = FlashTests;
			sourceTree = "<group>";
		};
		D688305A29E75C1600F4D7DA /* FlashUITests */ = {
			isa = PBXGroup;
			children = (
				D688305B29E75C1600F4D7DA /* FlashUITests.swift */,
				D688305D29E75C1600F4D7DA /* FlashUITestsLaunchTests.swift */,
			);
			path = FlashUITests;
			sourceTree = "<group>";
		};
		D688307029E75CCA00F4D7DA /* Extensions */ = {
			isa = PBXGroup;
			children = (
				D688307D29E75D0A00F4D7DA /* Alert++.swift */,
				D688308229E75D0A00F4D7DA /* Color++.swift */,
				D688308129E75D0A00F4D7DA /* FM++.swift */,
				D688308029E75D0A00F4D7DA /* Haptic++.swift */,
				D688307E29E75D0A00F4D7DA /* String++.swift */,
				D688307F29E75D0A00F4D7DA /* View++.swift */,
			);
			path = Extensions;
			sourceTree = "<group>";
		};
		D688308F29E8433E00F4D7DA /* Frameworks */ = {
			isa = PBXGroup;
			children = (
				D688309129E8433F00F4D7DA /* CoreFoundation.framework */,
				D688309329E8434000F4D7DA /* Foundation.framework */,
				D688309229E8433F00F4D7DA /* IOKit.framework */,
				D688309029E8433F00F4D7DA /* IOSurface.framework */,
			);
			name = Frameworks;
			sourceTree = "<group>";
		};
/* End PBXGroup section */

/* Begin PBXNativeTarget section */
		D688303C29E75C1300F4D7DA /* Flash */ = {
			isa = PBXNativeTarget;
			buildConfigurationList = D688306129E75C1600F4D7DA /* Build configuration list for PBXNativeTarget "Flash" */;
			buildPhases = (
				D688303929E75C1300F4D7DA /* Sources */,
				D688303A29E75C1300F4D7DA /* Frameworks */,
				D688303B29E75C1300F4D7DA /* Resources */,
			);
			buildRules = (
			);
			dependencies = (
			);
			name = Flash;
			packageProductDependencies = (
				D688306B29E75C6000F4D7DA /* DirtyCowKit */,
				D688306E29E75C7000F4D7DA /* AbsoluteSolver */,
			);
			productName = Flash;
			productReference = D688303D29E75C1300F4D7DA /* Flash.app */;
			productType = "com.apple.product-type.application";
		};
		D688304C29E75C1600F4D7DA /* FlashTests */ = {
			isa = PBXNativeTarget;
			buildConfigurationList = D688306429E75C1600F4D7DA /* Build configuration list for PBXNativeTarget "FlashTests" */;
			buildPhases = (
				D688304929E75C1600F4D7DA /* Sources */,
				D688304A29E75C1600F4D7DA /* Frameworks */,
				D688304B29E75C1600F4D7DA /* Resources */,
			);
			buildRules = (
			);
			dependencies = (
				D688304F29E75C1600F4D7DA /* PBXTargetDependency */,
			);
			name = FlashTests;
			productName = FlashTests;
			productReference = D688304D29E75C1600F4D7DA /* FlashTests.xctest */;
			productType = "com.apple.product-type.bundle.unit-test";
		};
		D688305629E75C1600F4D7DA /* FlashUITests */ = {
			isa = PBXNativeTarget;
			buildConfigurationList = D688306729E75C1600F4D7DA /* Build configuration list for PBXNativeTarget "FlashUITests" */;
			buildPhases = (
				D688305329E75C1600F4D7DA /* Sources */,
				D688305429E75C1600F4D7DA /* Frameworks */,
				D688305529E75C1600F4D7DA /* Resources */,
			);
			buildRules = (
			);
			dependencies = (
				D688305929E75C1600F4D7DA /* PBXTargetDependency */,
			);
			name = FlashUITests;
			productName = FlashUITests;
			productReference = D688305729E75C1600F4D7DA /* FlashUITests.xctest */;
			productType = "com.apple.product-type.bundle.ui-testing";
		};
/* End PBXNativeTarget section */

/* Begin PBXProject section */
		D688303529E75C1300F4D7DA /* Project object */ = {
			isa = PBXProject;
			attributes = {
				BuildIndependentTargetsInParallel = 1;
				LastSwiftUpdateCheck = 1430;
				LastUpgradeCheck = 1430;
				TargetAttributes = {
					D688303C29E75C1300F4D7DA = {
						CreatedOnToolsVersion = 14.3;
						LastSwiftMigration = 1430;
					};
					D688304C29E75C1600F4D7DA = {
						CreatedOnToolsVersion = 14.3;
						TestTargetID = D688303C29E75C1300F4D7DA;
					};
					D688305629E75C1600F4D7DA = {
						CreatedOnToolsVersion = 14.3;
						TestTargetID = D688303C29E75C1300F4D7DA;
					};
				};
			};
			buildConfigurationList = D688303829E75C1300F4D7DA /* Build configuration list for PBXProject "Flash" */;
			compatibilityVersion = "Xcode 14.0";
			developmentRegion = en;
			hasScannedForEncodings = 0;
			knownRegions = (
				en,
				Base,
			);
			mainGroup = D688303429E75C1300F4D7DA;
			packageReferences = (
				D688306A29E75C6000F4D7DA /* XCRemoteSwiftPackageReference "DirtyCowKit" */,
				D688306D29E75C7000F4D7DA /* XCRemoteSwiftPackageReference "AbsoluteSolver" */,
			);
			productRefGroup = D688303E29E75C1300F4D7DA /* Products */;
			projectDirPath = "";
			projectRoot = "";
			targets = (
				D688303C29E75C1300F4D7DA /* Flash */,
				D688304C29E75C1600F4D7DA /* FlashTests */,
				D688305629E75C1600F4D7DA /* FlashUITests */,
			);
		};
/* End PBXProject section */

/* Begin PBXResourcesBuildPhase section */
		D688303B29E75C1300F4D7DA /* Resources */ = {
			isa = PBXResourcesBuildPhase;
			buildActionMask = 2147483647;
			files = (
				D688304829E75C1600F4D7DA /* Preview Assets.xcassets in Resources */,
				D688304529E75C1600F4D7DA /* Assets.xcassets in Resources */,
			);
			runOnlyForDeploymentPostprocessing = 0;
		};
		D688304B29E75C1600F4D7DA /* Resources */ = {
			isa = PBXResourcesBuildPhase;
			buildActionMask = 2147483647;
			files = (
			);
			runOnlyForDeploymentPostprocessing = 0;
		};
		D688305529E75C1600F4D7DA /* Resources */ = {
			isa = PBXResourcesBuildPhase;
			buildActionMask = 2147483647;
			files = (
			);
			runOnlyForDeploymentPostprocessing = 0;
		};
/* End PBXResourcesBuildPhase section */

/* Begin PBXSourcesBuildPhase section */
		D688303929E75C1300F4D7DA /* Sources */ = {
			isa = PBXSourcesBuildPhase;
			buildActionMask = 2147483647;
			files = (
				D688308629E75D0A00F4D7DA /* Haptic++.swift in Sources */,
				D688304329E75C1300F4D7DA /* ContentView.swift in Sources */,
				D688308329E75D0A00F4D7DA /* Alert++.swift in Sources */,
				D688308529E75D0A00F4D7DA /* View++.swift in Sources */,
				D688308A29E7684200F4D7DA /* AppFunctions.swift in Sources */,
				D688308429E75D0A00F4D7DA /* String++.swift in Sources */,
				D688308829E75D0A00F4D7DA /* Color++.swift in Sources */,
				D688308729E75D0A00F4D7DA /* FM++.swift in Sources */,
				D688304129E75C1300F4D7DA /* FlashApp.swift in Sources */,
				D688308D29E8427000F4D7DA /* KernelPanic.m in Sources */,
			);
			runOnlyForDeploymentPostprocessing = 0;
		};
		D688304929E75C1600F4D7DA /* Sources */ = {
			isa = PBXSourcesBuildPhase;
			buildActionMask = 2147483647;
			files = (
				D688305229E75C1600F4D7DA /* FlashTests.swift in Sources */,
			);
			runOnlyForDeploymentPostprocessing = 0;
		};
		D688305329E75C1600F4D7DA /* Sources */ = {
			isa = PBXSourcesBuildPhase;
			buildActionMask = 2147483647;
			files = (
				D688305C29E75C1600F4D7DA /* FlashUITests.swift in Sources */,
				D688305E29E75C1600F4D7DA /* FlashUITestsLaunchTests.swift in Sources */,
			);
			runOnlyForDeploymentPostprocessing = 0;
		};
/* End PBXSourcesBuildPhase section */

/* Begin PBXTargetDependency section */
		D688304F29E75C1600F4D7DA /* PBXTargetDependency */ = {
			isa = PBXTargetDependency;
			target = D688303C29E75C1300F4D7DA /* Flash */;
			targetProxy = D688304E29E75C1600F4D7DA /* PBXContainerItemProxy */;
		};
		D688305929E75C1600F4D7DA /* PBXTargetDependency */ = {
			isa = PBXTargetDependency;
			target = D688303C29E75C1300F4D7DA /* Flash */;
			targetProxy = D688305829E75C1600F4D7DA /* PBXContainerItemProxy */;
		};
/* End PBXTargetDependency section */

/* Begin XCBuildConfiguration section */
		D688305F29E75C1600F4D7DA /* Debug */ = {
			isa = XCBuildConfiguration;
			buildSettings = {
				ALWAYS_SEARCH_USER_PATHS = NO;
				CLANG_ANALYZER_NONNULL = YES;
				CLANG_ANALYZER_NUMBER_OBJECT_CONVERSION = YES_AGGRESSIVE;
				CLANG_CXX_LANGUAGE_STANDARD = "gnu++20";
				CLANG_ENABLE_MODULES = YES;
				CLANG_ENABLE_OBJC_ARC = YES;
				CLANG_ENABLE_OBJC_WEAK = YES;
				CLANG_WARN_BLOCK_CAPTURE_AUTORELEASING = YES;
				CLANG_WARN_BOOL_CONVERSION = YES;
				CLANG_WARN_COMMA = YES;
				CLANG_WARN_CONSTANT_CONVERSION = YES;
				CLANG_WARN_DEPRECATED_OBJC_IMPLEMENTATIONS = YES;
				CLANG_WARN_DIRECT_OBJC_ISA_USAGE = YES_ERROR;
				CLANG_WARN_DOCUMENTATION_COMMENTS = YES;
				CLANG_WARN_EMPTY_BODY = YES;
				CLANG_WARN_ENUM_CONVERSION = YES;
				CLANG_WARN_INFINITE_RECURSION = YES;
				CLANG_WARN_INT_CONVERSION = YES;
				CLANG_WARN_NON_LITERAL_NULL_CONVERSION = YES;
				CLANG_WARN_OBJC_IMPLICIT_RETAIN_SELF = YES;
				CLANG_WARN_OBJC_LITERAL_CONVERSION = YES;
				CLANG_WARN_OBJC_ROOT_CLASS = YES_ERROR;
				CLANG_WARN_QUOTED_INCLUDE_IN_FRAMEWORK_HEADER = YES;
				CLANG_WARN_RANGE_LOOP_ANALYSIS = YES;
				CLANG_WARN_STRICT_PROTOTYPES = YES;
				CLANG_WARN_SUSPICIOUS_MOVE = YES;
				CLANG_WARN_UNGUARDED_AVAILABILITY = YES_AGGRESSIVE;
				CLANG_WARN_UNREACHABLE_CODE = YES;
				CLANG_WARN__DUPLICATE_METHOD_MATCH = YES;
				COPY_PHASE_STRIP = NO;
				DEBUG_INFORMATION_FORMAT = dwarf;
				ENABLE_STRICT_OBJC_MSGSEND = YES;
				ENABLE_TESTABILITY = YES;
				GCC_C_LANGUAGE_STANDARD = gnu11;
				GCC_DYNAMIC_NO_PIC = NO;
				GCC_NO_COMMON_BLOCKS = YES;
				GCC_OPTIMIZATION_LEVEL = 0;
				GCC_PREPROCESSOR_DEFINITIONS = (
					"DEBUG=1",
					"$(inherited)",
				);
				GCC_WARN_64_TO_32_BIT_CONVERSION = YES;
				GCC_WARN_ABOUT_RETURN_TYPE = YES_ERROR;
				GCC_WARN_UNDECLARED_SELECTOR = YES;
				GCC_WARN_UNINITIALIZED_AUTOS = YES_AGGRESSIVE;
				GCC_WARN_UNUSED_FUNCTION = YES;
				GCC_WARN_UNUSED_VARIABLE = YES;
				IPHONEOS_DEPLOYMENT_TARGET = 16.4;
				MTL_ENABLE_DEBUG_INFO = INCLUDE_SOURCE;
				MTL_FAST_MATH = YES;
				ONLY_ACTIVE_ARCH = YES;
				SDKROOT = iphoneos;
				SWIFT_ACTIVE_COMPILATION_CONDITIONS = DEBUG;
				SWIFT_OPTIMIZATION_LEVEL = "-Onone";
			};
			name = Debug;
		};
		D688306029E75C1600F4D7DA /* Release */ = {
			isa = XCBuildConfiguration;
			buildSettings = {
				ALWAYS_SEARCH_USER_PATHS = NO;
				CLANG_ANALYZER_NONNULL = YES;
				CLANG_ANALYZER_NUMBER_OBJECT_CONVERSION = YES_AGGRESSIVE;
				CLANG_CXX_LANGUAGE_STANDARD = "gnu++20";
				CLANG_ENABLE_MODULES = YES;
				CLANG_ENABLE_OBJC_ARC = YES;
				CLANG_ENABLE_OBJC_WEAK = YES;
				CLANG_WARN_BLOCK_CAPTURE_AUTORELEASING = YES;
				CLANG_WARN_BOOL_CONVERSION = YES;
				CLANG_WARN_COMMA = YES;
				CLANG_WARN_CONSTANT_CONVERSION = YES;
				CLANG_WARN_DEPRECATED_OBJC_IMPLEMENTATIONS = YES;
				CLANG_WARN_DIRECT_OBJC_ISA_USAGE = YES_ERROR;
				CLANG_WARN_DOCUMENTATION_COMMENTS = YES;
				CLANG_WARN_EMPTY_BODY = YES;
				CLANG_WARN_ENUM_CONVERSION = YES;
				CLANG_WARN_INFINITE_RECURSION = YES;
				CLANG_WARN_INT_CONVERSION = YES;
				CLANG_WARN_NON_LITERAL_NULL_CONVERSION = YES;
				CLANG_WARN_OBJC_IMPLICIT_RETAIN_SELF = YES;
				CLANG_WARN_OBJC_LITERAL_CONVERSION = YES;
				CLANG_WARN_OBJC_ROOT_CLASS = YES_ERROR;
				CLANG_WARN_QUOTED_INCLUDE_IN_FRAMEWORK_HEADER = YES;
				CLANG_WARN_RANGE_LOOP_ANALYSIS = YES;
				CLANG_WARN_STRICT_PROTOTYPES = YES;
				CLANG_WARN_SUSPICIOUS_MOVE = YES;
				CLANG_WARN_UNGUARDED_AVAILABILITY = YES_AGGRESSIVE;
				CLANG_WARN_UNREACHABLE_CODE = YES;
				CLANG_WARN__DUPLICATE_METHOD_MATCH = YES;
				COPY_PHASE_STRIP = NO;
				DEBUG_INFORMATION_FORMAT = "dwarf-with-dsym";
				ENABLE_NS_ASSERTIONS = NO;
				ENABLE_STRICT_OBJC_MSGSEND = YES;
				GCC_C_LANGUAGE_STANDARD = gnu11;
				GCC_NO_COMMON_BLOCKS = YES;
				GCC_WARN_64_TO_32_BIT_CONVERSION = YES;
				GCC_WARN_ABOUT_RETURN_TYPE = YES_ERROR;
				GCC_WARN_UNDECLARED_SELECTOR = YES;
				GCC_WARN_UNINITIALIZED_AUTOS = YES_AGGRESSIVE;
				GCC_WARN_UNUSED_FUNCTION = YES;
				GCC_WARN_UNUSED_VARIABLE = YES;
				IPHONEOS_DEPLOYMENT_TARGET = 16.4;
				MTL_ENABLE_DEBUG_INFO = NO;
				MTL_FAST_MATH = YES;
				SDKROOT = iphoneos;
				SWIFT_COMPILATION_MODE = wholemodule;
				SWIFT_OPTIMIZATION_LEVEL = "-O";
				VALIDATE_PRODUCT = YES;
			};
			name = Release;
		};
		D688306229E75C1600F4D7DA /* Debug */ = {
			isa = XCBuildConfiguration;
			buildSettings = {
				ASSETCATALOG_COMPILER_APPICON_NAME = AppIcon;
				ASSETCATALOG_COMPILER_GLOBAL_ACCENT_COLOR_NAME = AccentColor;
				CLANG_ENABLE_MODULES = YES;
				CODE_SIGN_STYLE = Automatic;
				CURRENT_PROJECT_VERSION = 1;
				DEVELOPMENT_ASSET_PATHS = "\"Flash/Preview Content\"";
				DEVELOPMENT_TEAM = 8JKVMYCRTJ;
				ENABLE_PREVIEWS = YES;
				GENERATE_INFOPLIST_FILE = YES;
				INFOPLIST_KEY_LSApplicationCategoryType = "public.app-category.utilities";
				INFOPLIST_KEY_NSAppleMusicUsageDescription = "Grant full disk access. Required for app functionality.";
				INFOPLIST_KEY_UIApplicationSceneManifest_Generation = YES;
				INFOPLIST_KEY_UIApplicationSupportsIndirectInputEvents = YES;
				INFOPLIST_KEY_UILaunchScreen_Generation = YES;
				INFOPLIST_KEY_UISupportedInterfaceOrientations = UIInterfaceOrientationPortrait;
				INFOPLIST_KEY_UISupportedInterfaceOrientations_iPad = "UIInterfaceOrientationLandscapeLeft UIInterfaceOrientationLandscapeRight UIInterfaceOrientationPortrait UIInterfaceOrientationPortraitUpsideDown";
				IPHONEOS_DEPLOYMENT_TARGET = 15.0;
				LD_RUNPATH_SEARCH_PATHS = (
					"$(inherited)",
					"@executable_path/Frameworks",
				);
				MARKETING_VERSION = 1.0;
				PRODUCT_BUNDLE_IDENTIFIER = ca.bomberfish.AbsoluteSolverTester;
				PRODUCT_NAME = "$(TARGET_NAME)";
				SWIFT_EMIT_LOC_STRINGS = YES;
				SWIFT_OBJC_BRIDGING_HEADER = "Flash/Flash-Bridging-Header.h";
				SWIFT_OPTIMIZATION_LEVEL = "-Onone";
				SWIFT_VERSION = 5.0;
				TARGETED_DEVICE_FAMILY = "1,2";
			};
			name = Debug;
		};
		D688306329E75C1600F4D7DA /* Release */ = {
			isa = XCBuildConfiguration;
			buildSettings = {
				ASSETCATALOG_COMPILER_APPICON_NAME = AppIcon;
				ASSETCATALOG_COMPILER_GLOBAL_ACCENT_COLOR_NAME = AccentColor;
				CLANG_ENABLE_MODULES = YES;
				CODE_SIGN_STYLE = Automatic;
				CURRENT_PROJECT_VERSION = 1;
				DEVELOPMENT_ASSET_PATHS = "\"Flash/Preview Content\"";
				DEVELOPMENT_TEAM = 8JKVMYCRTJ;
				ENABLE_PREVIEWS = YES;
				GENERATE_INFOPLIST_FILE = YES;
				INFOPLIST_KEY_LSApplicationCategoryType = "public.app-category.utilities";
				INFOPLIST_KEY_NSAppleMusicUsageDescription = "Grant full disk access. Required for app functionality.";
				INFOPLIST_KEY_UIApplicationSceneManifest_Generation = YES;
				INFOPLIST_KEY_UIApplicationSupportsIndirectInputEvents = YES;
				INFOPLIST_KEY_UILaunchScreen_Generation = YES;
				INFOPLIST_KEY_UISupportedInterfaceOrientations = UIInterfaceOrientationPortrait;
				INFOPLIST_KEY_UISupportedInterfaceOrientations_iPad = "UIInterfaceOrientationLandscapeLeft UIInterfaceOrientationLandscapeRight UIInterfaceOrientationPortrait UIInterfaceOrientationPortraitUpsideDown";
				IPHONEOS_DEPLOYMENT_TARGET = 15.0;
				LD_RUNPATH_SEARCH_PATHS = (
					"$(inherited)",
					"@executable_path/Frameworks",
				);
				MARKETING_VERSION = 1.0;
				PRODUCT_BUNDLE_IDENTIFIER = ca.bomberfish.AbsoluteSolverTester;
				PRODUCT_NAME = "$(TARGET_NAME)";
				SWIFT_EMIT_LOC_STRINGS = YES;
				SWIFT_OBJC_BRIDGING_HEADER = "Flash/Flash-Bridging-Header.h";
				SWIFT_VERSION = 5.0;
				TARGETED_DEVICE_FAMILY = "1,2";
			};
			name = Release;
		};
		D688306529E75C1600F4D7DA /* Debug */ = {
			isa = XCBuildConfiguration;
			buildSettings = {
				ALWAYS_EMBED_SWIFT_STANDARD_LIBRARIES = YES;
				BUNDLE_LOADER = "$(TEST_HOST)";
				CODE_SIGN_STYLE = Automatic;
				CURRENT_PROJECT_VERSION = 1;
				DEVELOPMENT_TEAM = 8JKVMYCRTJ;
				GENERATE_INFOPLIST_FILE = YES;
				IPHONEOS_DEPLOYMENT_TARGET = 16.4;
				MARKETING_VERSION = 1.0;
				PRODUCT_BUNDLE_IDENTIFIER = ca.bomberfish.FlashTests;
				PRODUCT_NAME = "$(TARGET_NAME)";
				SWIFT_EMIT_LOC_STRINGS = NO;
				SWIFT_VERSION = 5.0;
				TARGETED_DEVICE_FAMILY = "1,2";
				TEST_HOST = "$(BUILT_PRODUCTS_DIR)/Flash.app/$(BUNDLE_EXECUTABLE_FOLDER_PATH)/Flash";
			};
			name = Debug;
		};
		D688306629E75C1600F4D7DA /* Release */ = {
			isa = XCBuildConfiguration;
			buildSettings = {
				ALWAYS_EMBED_SWIFT_STANDARD_LIBRARIES = YES;
				BUNDLE_LOADER = "$(TEST_HOST)";
				CODE_SIGN_STYLE = Automatic;
				CURRENT_PROJECT_VERSION = 1;
				DEVELOPMENT_TEAM = 8JKVMYCRTJ;
				GENERATE_INFOPLIST_FILE = YES;
				IPHONEOS_DEPLOYMENT_TARGET = 16.4;
				MARKETING_VERSION = 1.0;
				PRODUCT_BUNDLE_IDENTIFIER = ca.bomberfish.FlashTests;
				PRODUCT_NAME = "$(TARGET_NAME)";
				SWIFT_EMIT_LOC_STRINGS = NO;
				SWIFT_VERSION = 5.0;
				TARGETED_DEVICE_FAMILY = "1,2";
				TEST_HOST = "$(BUILT_PRODUCTS_DIR)/Flash.app/$(BUNDLE_EXECUTABLE_FOLDER_PATH)/Flash";
			};
			name = Release;
		};
		D688306829E75C1600F4D7DA /* Debug */ = {
			isa = XCBuildConfiguration;
			buildSettings = {
				ALWAYS_EMBED_SWIFT_STANDARD_LIBRARIES = YES;
				CODE_SIGN_STYLE = Automatic;
				CURRENT_PROJECT_VERSION = 1;
				DEVELOPMENT_TEAM = 8JKVMYCRTJ;
				GENERATE_INFOPLIST_FILE = YES;
				MARKETING_VERSION = 1.0;
				PRODUCT_BUNDLE_IDENTIFIER = ca.bomberfish.FlashUITests;
				PRODUCT_NAME = "$(TARGET_NAME)";
				SWIFT_EMIT_LOC_STRINGS = NO;
				SWIFT_VERSION = 5.0;
				TARGETED_DEVICE_FAMILY = "1,2";
				TEST_TARGET_NAME = Flash;
			};
			name = Debug;
		};
		D688306929E75C1600F4D7DA /* Release */ = {
			isa = XCBuildConfiguration;
			buildSettings = {
				ALWAYS_EMBED_SWIFT_STANDARD_LIBRARIES = YES;
				CODE_SIGN_STYLE = Automatic;
				CURRENT_PROJECT_VERSION = 1;
				DEVELOPMENT_TEAM = 8JKVMYCRTJ;
				GENERATE_INFOPLIST_FILE = YES;
				MARKETING_VERSION = 1.0;
				PRODUCT_BUNDLE_IDENTIFIER = ca.bomberfish.FlashUITests;
				PRODUCT_NAME = "$(TARGET_NAME)";
				SWIFT_EMIT_LOC_STRINGS = NO;
				SWIFT_VERSION = 5.0;
				TARGETED_DEVICE_FAMILY = "1,2";
				TEST_TARGET_NAME = Flash;
			};
			name = Release;
		};
/* End XCBuildConfiguration section */

/* Begin XCConfigurationList section */
		D688303829E75C1300F4D7DA /* Build configuration list for PBXProject "Flash" */ = {
			isa = XCConfigurationList;
			buildConfigurations = (
				D688305F29E75C1600F4D7DA /* Debug */,
				D688306029E75C1600F4D7DA /* Release */,
			);
			defaultConfigurationIsVisible = 0;
			defaultConfigurationName = Release;
		};
		D688306129E75C1600F4D7DA /* Build configuration list for PBXNativeTarget "Flash" */ = {
			isa = XCConfigurationList;
			buildConfigurations = (
				D688306229E75C1600F4D7DA /* Debug */,
				D688306329E75C1600F4D7DA /* Release */,
			);
			defaultConfigurationIsVisible = 0;
			defaultConfigurationName = Release;
		};
		D688306429E75C1600F4D7DA /* Build configuration list for PBXNativeTarget "FlashTests" */ = {
			isa = XCConfigurationList;
			buildConfigurations = (
				D688306529E75C1600F4D7DA /* Debug */,
				D688306629E75C1600F4D7DA /* Release */,
			);
			defaultConfigurationIsVisible = 0;
			defaultConfigurationName = Release;
		};
		D688306729E75C1600F4D7DA /* Build configuration list for PBXNativeTarget "FlashUITests" */ = {
			isa = XCConfigurationList;
			buildConfigurations = (
				D688306829E75C1600F4D7DA /* Debug */,
				D688306929E75C1600F4D7DA /* Release */,
			);
			defaultConfigurationIsVisible = 0;
			defaultConfigurationName = Release;
		};
/* End XCConfigurationList section */

/* Begin XCRemoteSwiftPackageReference section */
		D688306A29E75C6000F4D7DA /* XCRemoteSwiftPackageReference "DirtyCowKit" */ = {
			isa = XCRemoteSwiftPackageReference;
			repositoryURL = "https://github.com/BomberFish/DirtyCowKit";
			requirement = {
				branch = main;
				kind = branch;
			};
		};
		D688306D29E75C7000F4D7DA /* XCRemoteSwiftPackageReference "AbsoluteSolver" */ = {
			isa = XCRemoteSwiftPackageReference;
			repositoryURL = "https://github.com/BomberFish/AbsoluteSolver";
			requirement = {
				branch = main;
				kind = branch;
			};
		};
/* End XCRemoteSwiftPackageReference section */

/* Begin XCSwiftPackageProductDependency section */
		D688306B29E75C6000F4D7DA /* DirtyCowKit */ = {
			isa = XCSwiftPackageProductDependency;
			package = D688306A29E75C6000F4D7DA /* XCRemoteSwiftPackageReference "DirtyCowKit" */;
			productName = DirtyCowKit;
		};
		D688306E29E75C7000F4D7DA /* AbsoluteSolver */ = {
			isa = XCSwiftPackageProductDependency;
			package = D688306D29E75C7000F4D7DA /* XCRemoteSwiftPackageReference "AbsoluteSolver" */;
			productName = AbsoluteSolver;
		};
/* End XCSwiftPackageProductDependency section */
	};
	rootObject = D688303529E75C1300F4D7DA /* Project object */;
}
